
Microsoft Visual Studio Solution File, Format Version 12.00
# Visual Studio Version 17
VisualStudioVersion = 17.12.35527.113 d17.12
MinimumVisualStudioVersion = 10.0.40219.1
Project("{FAE04EC0-301F-11D3-BF4B-00C04F79EFBC}") = "MyClasses", "MyClasses\MyClasses.csproj", "{C2B74362-2412-44EF-9D3A-2AEE4E2DCA8E}"
EndProject
Project("{FAE04EC0-301F-11D3-BF4B-00C04F79EFBC}") = "MyClassesTest", "MyClassesTest\MyClassesTest.csproj", "{7808B495-0F80-42C9-B186-014820E4D0E7}"
EndProject
Global
	GlobalSection(SolutionConfigurationPlatforms) = preSolution
		Debug|Any CPU = Debug|Any CPU
		Release|Any CPU = Release|Any CPU
	EndGlobalSection
	GlobalSection(ProjectConfigurationPlatforms) = postSolution
		{C2B74362-2412-44EF-9D3A-2AEE4E2DCA8E}.Debug|Any CPU.ActiveCfg = Debug|Any CPU
		{C2B74362-2412-44EF-9D3A-2AEE4E2DCA8E}.Debug|Any CPU.Build.0 = Debug|Any CPU
		{C2B74362-2412-44EF-9D3A-2AEE4E2DCA8E}.Release|Any CPU.ActiveCfg = Release|Any CPU
		{C2B74362-2412-44EF-9D3A-2AEE4E2DCA8E}.Release|Any CPU.Build.0 = Release|Any CPU
		{7808B495-0F80-42C9-B186-014820E4D0E7}.Debug|Any CPU.ActiveCfg = Debug|Any CPU
		{7808B495-0F80-42C9-B186-014820E4D0E7}.Debug|Any CPU.Build.0 = Debug|Any CPU
		{7808B495-0F80-42C9-B186-014820E4D0E7}.Release|Any CPU.ActiveCfg = Release|Any CPU
		{7808B495-0F80-42C9-B186-014820E4D0E7}.Release|Any CPU.Build.0 = Release|Any CPU
	EndGlobalSection
	GlobalSection(SolutionProperties) = preSolution
		HideSolutionNode = FALSE
	EndGlobalSection
EndGlobal
